
Microsoft Visual Studio Solution File, Format Version 12.00
# Visual Studio Version 16
VisualStudioVersion = 16.0.31129.286
MinimumVisualStudioVersion = 10.0.40219.1
Project("{FAE04EC0-301F-11D3-BF4B-00C04F79EFBC}") = "CatsAndDogs", "CatsAndDogs\CatsAndDogs.csproj", "{77B6BC85-2089-42E9-8A65-9E20DF51D2CE}"
EndProject
Global
	GlobalSection(SolutionConfigurationPlatforms) = preSolution
		Debug|Any CPU = Debug|Any CPU
		Release|Any CPU = Release|Any CPU
	EndGlobalSection
	GlobalSection(ProjectConfigurationPlatforms) = postSolution
		{77B6BC85-2089-42E9-8A65-9E20DF51D2CE}.Debug|Any CPU.ActiveCfg = Debug|Any CPU
		{77B6BC85-2089-42E9-8A65-9E20DF51D2CE}.Debug|Any CPU.Build.0 = Debug|Any CPU
		{77B6BC85-2089-42E9-8A65-9E20DF51D2CE}.Release|Any CPU.ActiveCfg = Release|Any CPU
		{77B6BC85-2089-42E9-8A65-9E20DF51D2CE}.Release|Any CPU.Build.0 = Release|Any CPU
	EndGlobalSection
	GlobalSection(SolutionProperties) = preSolution
		HideSolutionNode = FALSE
	EndGlobalSection
	GlobalSection(ExtensibilityGlobals) = postSolution
		SolutionGuid = {D2C61D67-D6B5-46C8-9973-91DB5D84F881}
	EndGlobalSection
EndGlobal
